
Microsoft Visual Studio Solution File, Format Version 12.00
# Visual Studio 15
Project("{FAE04EC0-301F-11D3-BF4B-00C04F79EFBC}") = "Assembly-CSharp", "Assembly-CSharp.csproj", "{96C123E2-6AD0-3E65-D21E-F50B4964283C}"
EndProject
Project("{FAE04EC0-301F-11D3-BF4B-00C04F79EFBC}") = "Assembly-CSharp-firstpass", "Assembly-CSharp-firstpass.csproj", "{6E85CC30-EC94-F220-61D4-C9A4E476BC2B}"
EndProject
Global
	GlobalSection(SolutionConfigurationPlatforms) = preSolution
		Debug|Any CPU = Debug|Any CPU
		Release|Any CPU = Release|Any CPU
	EndGlobalSection
	GlobalSection(ProjectConfigurationPlatforms) = postSolution
		{96C123E2-6AD0-3E65-D21E-F50B4964283C}.Debug|Any CPU.ActiveCfg = Debug|Any CPU
		{96C123E2-6AD0-3E65-D21E-F50B4964283C}.Debug|Any CPU.Build.0 = Debug|Any CPU
		{96C123E2-6AD0-3E65-D21E-F50B4964283C}.Release|Any CPU.ActiveCfg = Release|Any CPU
		{96C123E2-6AD0-3E65-D21E-F50B4964283C}.Release|Any CPU.Build.0 = Release|Any CPU
		{6E85CC30-EC94-F220-61D4-C9A4E476BC2B}.Debug|Any CPU.ActiveCfg = Debug|Any CPU
		{6E85CC30-EC94-F220-61D4-C9A4E476BC2B}.Debug|Any CPU.Build.0 = Debug|Any CPU
		{6E85CC30-EC94-F220-61D4-C9A4E476BC2B}.Release|Any CPU.ActiveCfg = Release|Any CPU
		{6E85CC30-EC94-F220-61D4-C9A4E476BC2B}.Release|Any CPU.Build.0 = Release|Any CPU
	EndGlobalSection
	GlobalSection(SolutionProperties) = preSolution
		HideSolutionNode = FALSE
	EndGlobalSection
EndGlobal
